
Microsoft Visual Studio Solution File, Format Version 12.00
# Visual Studio Version 16
VisualStudioVersion = 16.0.30114.105
MinimumVisualStudioVersion = 10.0.40219.1
Project("{2150E333-8FDC-42A3-9474-1A3956D46DE8}") = "src", "src", "{389DB7DA-2C6E-4DA9-AFF3-B90C3FE1844E}"
EndProject
Project("{FAE04EC0-301F-11D3-BF4B-00C04F79EFBC}") = "SOAP.NET", "src\SOAP.NET\SOAP.NET.csproj", "{CD52A87E-B627-483D-9D74-CEF255755E42}"
EndProject
Project("{2150E333-8FDC-42A3-9474-1A3956D46DE8}") = "test", "test", "{A5749A75-A688-4DC7-BB42-6F3089B48E31}"
EndProject
Project("{FAE04EC0-301F-11D3-BF4B-00C04F79EFBC}") = "SOAP.NET.Tests", "test\SOAP.NET.Tests\SOAP.NET.Tests.csproj", "{42D662B6-A912-4957-A2C2-6175AB1335C2}"
EndProject
Global
	GlobalSection(SolutionConfigurationPlatforms) = preSolution
		Debug|Any CPU = Debug|Any CPU
		Release|Any CPU = Release|Any CPU
	EndGlobalSection
	GlobalSection(SolutionProperties) = preSolution
		HideSolutionNode = FALSE
	EndGlobalSection
	GlobalSection(ProjectConfigurationPlatforms) = postSolution
		{CD52A87E-B627-483D-9D74-CEF255755E42}.Debug|Any CPU.ActiveCfg = Debug|Any CPU
		{CD52A87E-B627-483D-9D74-CEF255755E42}.Debug|Any CPU.Build.0 = Debug|Any CPU
		{CD52A87E-B627-483D-9D74-CEF255755E42}.Release|Any CPU.ActiveCfg = Release|Any CPU
		{CD52A87E-B627-483D-9D74-CEF255755E42}.Release|Any CPU.Build.0 = Release|Any CPU
		{42D662B6-A912-4957-A2C2-6175AB1335C2}.Debug|Any CPU.ActiveCfg = Debug|Any CPU
		{42D662B6-A912-4957-A2C2-6175AB1335C2}.Debug|Any CPU.Build.0 = Debug|Any CPU
		{42D662B6-A912-4957-A2C2-6175AB1335C2}.Release|Any CPU.ActiveCfg = Release|Any CPU
		{42D662B6-A912-4957-A2C2-6175AB1335C2}.Release|Any CPU.Build.0 = Release|Any CPU
	EndGlobalSection
	GlobalSection(NestedProjects) = preSolution
		{CD52A87E-B627-483D-9D74-CEF255755E42} = {389DB7DA-2C6E-4DA9-AFF3-B90C3FE1844E}
		{42D662B6-A912-4957-A2C2-6175AB1335C2} = {A5749A75-A688-4DC7-BB42-6F3089B48E31}
	EndGlobalSection
EndGlobal
